
Microsoft Visual Studio Solution File, Format Version 12.00
# Visual Studio Version 17
VisualStudioVersion = 17.14.36408.4 d17.14
MinimumVisualStudioVersion = 10.0.40219.1
Project("{FAE04EC0-301F-11D3-BF4B-00C04F79EFBC}") = "Heritagel.ibr", "Heritagel.ibr\Heritagel.ibr.csproj", "{B3FE9485-F986-44B3-8415-C9AFD5578C65}"
EndProject
Project("{FAE04EC0-301F-11D3-BF4B-00C04F79EFBC}") = "heritage.Consol", "heritage.Consol\heritage.Consol.csproj", "{376B55B1-2F61-4C07-8C9D-0E7D31606105}"
EndProject
Global
	GlobalSection(SolutionConfigurationPlatforms) = preSolution
		Debug|Any CPU = Debug|Any CPU
		Release|Any CPU = Release|Any CPU
	EndGlobalSection
	GlobalSection(ProjectConfigurationPlatforms) = postSolution
		{B3FE9485-F986-44B3-8415-C9AFD5578C65}.Debug|Any CPU.ActiveCfg = Debug|Any CPU
		{B3FE9485-F986-44B3-8415-C9AFD5578C65}.Debug|Any CPU.Build.0 = Debug|Any CPU
		{B3FE9485-F986-44B3-8415-C9AFD5578C65}.Release|Any CPU.ActiveCfg = Release|Any CPU
		{B3FE9485-F986-44B3-8415-C9AFD5578C65}.Release|Any CPU.Build.0 = Release|Any CPU
		{376B55B1-2F61-4C07-8C9D-0E7D31606105}.Debug|Any CPU.ActiveCfg = Debug|Any CPU
		{376B55B1-2F61-4C07-8C9D-0E7D31606105}.Debug|Any CPU.Build.0 = Debug|Any CPU
		{376B55B1-2F61-4C07-8C9D-0E7D31606105}.Release|Any CPU.ActiveCfg = Release|Any CPU
		{376B55B1-2F61-4C07-8C9D-0E7D31606105}.Release|Any CPU.Build.0 = Release|Any CPU
	EndGlobalSection
	GlobalSection(SolutionProperties) = preSolution
		HideSolutionNode = FALSE
	EndGlobalSection
	GlobalSection(ExtensibilityGlobals) = postSolution
		SolutionGuid = {F5974354-793D-4F87-ABC6-2F905DA8A04D}
	EndGlobalSection
EndGlobal
